
Microsoft Visual Studio Solution File, Format Version 12.00
# Visual Studio Version 17
VisualStudioVersion = 17.0.32126.317
MinimumVisualStudioVersion = 10.0.40219.1
Project("{FAE04EC0-301F-11D3-BF4B-00C04F79EFBC}") = "TextSimilarity", "TextSimilarity.csproj", "{65454B79-613C-469A-84B8-B2417C019D29}"
EndProject
Global
	GlobalSection(SolutionConfigurationPlatforms) = preSolution
		Debug|Any CPU = Debug|Any CPU
		Release|Any CPU = Release|Any CPU
	EndGlobalSection
	GlobalSection(ProjectConfigurationPlatforms) = postSolution
		{65454B79-613C-469A-84B8-B2417C019D29}.Debug|Any CPU.ActiveCfg = Debug|Any CPU
		{65454B79-613C-469A-84B8-B2417C019D29}.Debug|Any CPU.Build.0 = Debug|Any CPU
		{65454B79-613C-469A-84B8-B2417C019D29}.Release|Any CPU.ActiveCfg = Release|Any CPU
		{65454B79-613C-469A-84B8-B2417C019D29}.Release|Any CPU.Build.0 = Release|Any CPU
	EndGlobalSection
	GlobalSection(SolutionProperties) = preSolution
		HideSolutionNode = FALSE
	EndGlobalSection
	GlobalSection(ExtensibilityGlobals) = postSolution
		SolutionGuid = {974CD6D3-BF45-4AAA-A768-5B683F9DB7D5}
	EndGlobalSection
EndGlobal
